
Microsoft Visual Studio Solution File, Format Version 12.00
# Visual Studio 15
VisualStudioVersion = 15.0.28307.106
MinimumVisualStudioVersion = 10.0.40219.1
Project("{FAE04EC0-301F-11D3-BF4B-00C04F79EFBC}") = "MyPersonalBlog.MvCWebUI", "MyPersonalBlog.MvCWebUI\MyPersonalBlog.MvCWebUI.csproj", "{DEEC4179-B543-4D22-BF83-00735A09F93E}"
EndProject
Project("{FAE04EC0-301F-11D3-BF4B-00C04F79EFBC}") = "MyPersonalBlog.Business", "MyPersonalBlog.Business\MyPersonalBlog.Business.csproj", "{7D1B8C6C-D98C-426F-922C-5980B90C4466}"
EndProject
Project("{FAE04EC0-301F-11D3-BF4B-00C04F79EFBC}") = "MyPersonalBlog.DataAccess", "MyPersonalBlog\MyPersonalBlog.DataAccess.csproj", "{67803659-1598-4DD1-9B24-84D4DEE319DA}"
EndProject
Project("{FAE04EC0-301F-11D3-BF4B-00C04F79EFBC}") = "MyPersonalBlog.Entities", "MyPersonalBlog.Entities\MyPersonalBlog.Entities.csproj", "{552C8FEC-17E9-45A3-AADB-B16D7FC2ED64}"
EndProject
Project("{FAE04EC0-301F-11D3-BF4B-00C04F79EFBC}") = "MyPersonelBlog.Common", "MyPersonelBlog.Common\MyPersonelBlog.Common.csproj", "{4A45509C-AA1E-472A-8D2E-C080F94CDEFF}"
EndProject
Global
	GlobalSection(SolutionConfigurationPlatforms) = preSolution
		Debug|Any CPU = Debug|Any CPU
		Release|Any CPU = Release|Any CPU
	EndGlobalSection
	GlobalSection(ProjectConfigurationPlatforms) = postSolution
		{DEEC4179-B543-4D22-BF83-00735A09F93E}.Debug|Any CPU.ActiveCfg = Debug|Any CPU
		{DEEC4179-B543-4D22-BF83-00735A09F93E}.Debug|Any CPU.Build.0 = Debug|Any CPU
		{DEEC4179-B543-4D22-BF83-00735A09F93E}.Release|Any CPU.ActiveCfg = Release|Any CPU
		{DEEC4179-B543-4D22-BF83-00735A09F93E}.Release|Any CPU.Build.0 = Release|Any CPU
		{7D1B8C6C-D98C-426F-922C-5980B90C4466}.Debug|Any CPU.ActiveCfg = Debug|Any CPU
		{7D1B8C6C-D98C-426F-922C-5980B90C4466}.Debug|Any CPU.Build.0 = Debug|Any CPU
		{7D1B8C6C-D98C-426F-922C-5980B90C4466}.Release|Any CPU.ActiveCfg = Release|Any CPU
		{7D1B8C6C-D98C-426F-922C-5980B90C4466}.Release|Any CPU.Build.0 = Release|Any CPU
		{67803659-1598-4DD1-9B24-84D4DEE319DA}.Debug|Any CPU.ActiveCfg = Debug|Any CPU
		{67803659-1598-4DD1-9B24-84D4DEE319DA}.Debug|Any CPU.Build.0 = Debug|Any CPU
		{67803659-1598-4DD1-9B24-84D4DEE319DA}.Release|Any CPU.ActiveCfg = Release|Any CPU
		{67803659-1598-4DD1-9B24-84D4DEE319DA}.Release|Any CPU.Build.0 = Release|Any CPU
		{552C8FEC-17E9-45A3-AADB-B16D7FC2ED64}.Debug|Any CPU.ActiveCfg = Debug|Any CPU
		{552C8FEC-17E9-45A3-AADB-B16D7FC2ED64}.Debug|Any CPU.Build.0 = Debug|Any CPU
		{552C8FEC-17E9-45A3-AADB-B16D7FC2ED64}.Release|Any CPU.ActiveCfg = Release|Any CPU
		{552C8FEC-17E9-45A3-AADB-B16D7FC2ED64}.Release|Any CPU.Build.0 = Release|Any CPU
		{4A45509C-AA1E-472A-8D2E-C080F94CDEFF}.Debug|Any CPU.ActiveCfg = Debug|Any CPU
		{4A45509C-AA1E-472A-8D2E-C080F94CDEFF}.Debug|Any CPU.Build.0 = Debug|Any CPU
		{4A45509C-AA1E-472A-8D2E-C080F94CDEFF}.Release|Any CPU.ActiveCfg = Release|Any CPU
		{4A45509C-AA1E-472A-8D2E-C080F94CDEFF}.Release|Any CPU.Build.0 = Release|Any CPU
	EndGlobalSection
	GlobalSection(SolutionProperties) = preSolution
		HideSolutionNode = FALSE
	EndGlobalSection
	GlobalSection(ExtensibilityGlobals) = postSolution
		SolutionGuid = {19C11113-117A-4435-94BE-8EACB1B2B849}
	EndGlobalSection
EndGlobal
